// !$*UTF8*$!
{
	archiveVersion = 1;
	classes = {
	};
	objectVersion = 50;
	objects = {

/* Begin PBXBuildFile section */
		AF77E2ED2235D47F00C7811A /* AppDelegate.swift in Sources */ = {isa = PBXBuildFile; fileRef = AF77E2EC2235D47F00C7811A /* AppDelegate.swift */; };
		AF77E2EF2235D47F00C7811A /* ViewController.swift in Sources */ = {isa = PBXBuildFile; fileRef = AF77E2EE2235D47F00C7811A /* ViewController.swift */; };
		AF77E2F22235D47F00C7811A /* Main.storyboard in Resources */ = {isa = PBXBuildFile; fileRef = AF77E2F02235D47F00C7811A /* Main.storyboard */; };
		AF77E2F42235D48000C7811A /* Assets.xcassets in Resources */ = {isa = PBXBuildFile; fileRef = AF77E2F32235D48000C7811A /* Assets.xcassets */; };
		AF77E2F72235D48100C7811A /* LaunchScreen.storyboard in Resources */ = {isa = PBXBuildFile; fileRef = AF77E2F52235D48100C7811A /* LaunchScreen.storyboard */; };
		AF77E3022235D48100C7811A /* WeatherGiftTests.swift in Sources */ = {isa = PBXBuildFile; fileRef = AF77E3012235D48100C7811A /* WeatherGiftTests.swift */; };
		AF77E30D2235D48100C7811A /* WeatherGiftUITests.swift in Sources */ = {isa = PBXBuildFile; fileRef = AF77E30C2235D48100C7811A /* WeatherGiftUITests.swift */; };
/* End PBXBuildFile section */

/* Begin PBXContainerItemProxy section */
		AF77E2FE2235D48100C7811A /* PBXContainerItemProxy */ = {
			isa = PBXContainerItemProxy;
			containerPortal = AF77E2E12235D47F00C7811A /* Project object */;
			proxyType = 1;
			remoteGlobalIDString = AF77E2E82235D47F00C7811A;
			remoteInfo = WeatherGift;
		};
		AF77E3092235D48100C7811A /* PBXContainerItemProxy */ = {
			isa = PBXContainerItemProxy;
			containerPortal = AF77E2E12235D47F00C7811A /* Project object */;
			proxyType = 1;
			remoteGlobalIDString = AF77E2E82235D47F00C7811A;
			remoteInfo = WeatherGift;
		};
/* End PBXContainerItemProxy section */

/* Begin PBXFileReference section */
		AF77E2E92235D47F00C7811A /* WeatherGift.app */ = {isa = PBXFileReference; explicitFileType = wrapper.application; includeInIndex = 0; path = WeatherGift.app; sourceTree = BUILT_PRODUCTS_DIR; };
		AF77E2EC2235D47F00C7811A /* AppDelegate.swift */ = {isa = PBXFileReference; lastKnownFileType = sourcecode.swift; path = AppDelegate.swift; sourceTree = "<group>"; };
		AF77E2EE2235D47F00C7811A /* ViewController.swift */ = {isa = PBXFileReference; lastKnownFileType = sourcecode.swift; path = ViewController.swift; sourceTree = "<group>"; };
		AF77E2F12235D47F00C7811A /* Base */ = {isa = PBXFileReference; lastKnownFileType = file.storyboard; name = Base; path = Base.lproj/Main.storyboard; sourceTree = "<group>"; };
		AF77E2F32235D48000C7811A /* Assets.xcassets */ = {isa = PBXFileReference; lastKnownFileType = folder.assetcatalog; path = Assets.xcassets; sourceTree = "<group>"; };
		AF77E2F62235D48100C7811A /* Base */ = {isa = PBXFileReference; lastKnownFileType = file.storyboard; name = Base; path = Base.lproj/LaunchScreen.storyboard; sourceTree = "<group>"; };
		AF77E2F82235D48100C7811A /* Info.plist */ = {isa = PBXFileReference; lastKnownFileType = text.plist.xml; path = Info.plist; sourceTree = "<group>"; };
		AF77E2FD2235D48100C7811A /* WeatherGiftTests.xctest */ = {isa = PBXFileReference; explicitFileType = wrapper.cfbundle; includeInIndex = 0; path = WeatherGiftTests.xctest; sourceTree = BUILT_PRODUCTS_DIR; };
		AF77E3012235D48100C7811A /* WeatherGiftTests.swift */ = {isa = PBXFileReference; lastKnownFileType = sourcecode.swift; path = WeatherGiftTests.swift; sourceTree = "<group>"; };
		AF77E3032235D48100C7811A /* Info.plist */ = {isa = PBXFileReference; lastKnownFileType = text.plist.xml; path = Info.plist; sourceTree = "<group>"; };
		AF77E3082235D48100C7811A /* WeatherGiftUITests.xctest */ = {isa = PBXFileReference; explicitFileType = wrapper.cfbundle; includeInIndex = 0; path = WeatherGiftUITests.xctest; sourceTree = BUILT_PRODUCTS_DIR; };
		AF77E30C2235D48100C7811A /* WeatherGiftUITests.swift */ = {isa = PBXFileReference; lastKnownFileType = sourcecode.swift; path = WeatherGiftUITests.swift; sourceTree = "<group>"; };
		AF77E30E2235D48100C7811A /* Info.plist */ = {isa = PBXFileReference; lastKnownFileType = text.plist.xml; path = Info.plist; sourceTree = "<group>"; };
/* End PBXFileReference section */

/* Begin PBXFrameworksBuildPhase section */
		AF77E2E62235D47F00C7811A /* Frameworks */ = {
			isa = PBXFrameworksBuildPhase;
			buildActionMask = 2147483647;
			files = (
			);
			runOnlyForDeploymentPostprocessing = 0;
		};
		AF77E2FA2235D48100C7811A /* Frameworks */ = {
			isa = PBXFrameworksBuildPhase;
			buildActionMask = 2147483647;
			files = (
			);
			runOnlyForDeploymentPostprocessing = 0;
		};
		AF77E3052235D48100C7811A /* Frameworks */ = {
			isa = PBXFrameworksBuildPhase;
			buildActionMask = 2147483647;
			files = (
			);
			runOnlyForDeploymentPostprocessing = 0;
		};
/* End PBXFrameworksBuildPhase section */

/* Begin PBXGroup section */
		AF77E2E02235D47F00C7811A = {
			isa = PBXGroup;
			children = (
				AF77E2EB2235D47F00C7811A /* WeatherGift */,
				AF77E3002235D48100C7811A /* WeatherGiftTests */,
				AF77E30B2235D48100C7811A /* WeatherGiftUITests */,
				AF77E2EA2235D47F00C7811A /* Products */,
			);
			sourceTree = "<group>";
		};
		AF77E2EA2235D47F00C7811A /* Products */ = {
			isa = PBXGroup;
			children = (
				AF77E2E92235D47F00C7811A /* WeatherGift.app */,
				AF77E2FD2235D48100C7811A /* WeatherGiftTests.xctest */,
				AF77E3082235D48100C7811A /* WeatherGiftUITests.xctest */,
			);
			name = Products;
			sourceTree = "<group>";
		};
		AF77E2EB2235D47F00C7811A /* WeatherGift */ = {
			isa = PBXGroup;
			children = (
				AF77E2EC2235D47F00C7811A /* AppDelegate.swift */,
				AF77E2EE2235D47F00C7811A /* ViewController.swift */,
				AF77E2F02235D47F00C7811A /* Main.storyboard */,
				AF77E2F32235D48000C7811A /* Assets.xcassets */,
				AF77E2F52235D48100C7811A /* LaunchScreen.storyboard */,
				AF77E2F82235D48100C7811A /* Info.plist */,
			);
			path = WeatherGift;
			sourceTree = "<group>";
		};
		AF77E3002235D48100C7811A /* WeatherGiftTests */ = {
			isa = PBXGroup;
			children = (
				AF77E3012235D48100C7811A /* WeatherGiftTests.swift */,
				AF77E3032235D48100C7811A /* Info.plist */,
			);
			path = WeatherGiftTests;
			sourceTree = "<group>";
		};
		AF77E30B2235D48100C7811A /* WeatherGiftUITests */ = {
			isa = PBXGroup;
			children = (
				AF77E30C2235D48100C7811A /* WeatherGiftUITests.swift */,
				AF77E30E2235D48100C7811A /* Info.plist */,
			);
			path = WeatherGiftUITests;
			sourceTree = "<group>";
		};
/* End PBXGroup section */

/* Begin PBXNativeTarget section */
		AF77E2E82235D47F00C7811A /* WeatherGift */ = {
			isa = PBXNativeTarget;
			buildConfigurationList = AF77E3112235D48100C7811A /* Build configuration list for PBXNativeTarget "WeatherGift" */;
			buildPhases = (
				AF77E2E52235D47F00C7811A /* Sources */,
				AF77E2E62235D47F00C7811A /* Frameworks */,
				AF77E2E72235D47F00C7811A /* Resources */,
			);
			buildRules = (
			);
			dependencies = (
			);
			name = WeatherGift;
			productName = WeatherGift;
			productReference = AF77E2E92235D47F00C7811A /* WeatherGift.app */;
			productType = "com.apple.product-type.application";
		};
		AF77E2FC2235D48100C7811A /* WeatherGiftTests */ = {
			isa = PBXNativeTarget;
			buildConfigurationList = AF77E3142235D48100C7811A /* Build configuration list for PBXNativeTarget "WeatherGiftTests" */;
			buildPhases = (
				AF77E2F92235D48100C7811A /* Sources */,
				AF77E2FA2235D48100C7811A /* Frameworks */,
				AF77E2FB2235D48100C7811A /* Resources */,
			);
			buildRules = (
			);
			dependencies = (
				AF77E2FF2235D48100C7811A /* PBXTargetDependency */,
			);
			name = WeatherGiftTests;
			productName = WeatherGiftTests;
			productReference = AF77E2FD2235D48100C7811A /* WeatherGiftTests.xctest */;
			productType = "com.apple.product-type.bundle.unit-test";
		};
		AF77E3072235D48100C7811A /* WeatherGiftUITests */ = {
			isa = PBXNativeTarget;
			buildConfigurationList = AF77E3172235D48100C7811A /* Build configuration list for PBXNativeTarget "WeatherGiftUITests" */;
			buildPhases = (
				AF77E3042235D48100C7811A /* Sources */,
				AF77E3052235D48100C7811A /* Frameworks */,
				AF77E3062235D48100C7811A /* Resources */,
			);
			buildRules = (
			);
			dependencies = (
				AF77E30A2235D48100C7811A /* PBXTargetDependency */,
			);
			name = WeatherGiftUITests;
			productName = WeatherGiftUITests;
			productReference = AF77E3082235D48100C7811A /* WeatherGiftUITests.xctest */;
			productType = "com.apple.product-type.bundle.ui-testing";
		};
/* End PBXNativeTarget section */

/* Begin PBXProject section */
		AF77E2E12235D47F00C7811A /* Project object */ = {
			isa = PBXProject;
			attributes = {
				LastSwiftUpdateCheck = 1010;
				LastUpgradeCheck = 1010;
				ORGANIZATIONNAME = "James Steele";
				TargetAttributes = {
					AF77E2E82235D47F00C7811A = {
						CreatedOnToolsVersion = 10.1;
					};
					AF77E2FC2235D48100C7811A = {
						CreatedOnToolsVersion = 10.1;
						TestTargetID = AF77E2E82235D47F00C7811A;
					};
					AF77E3072235D48100C7811A = {
						CreatedOnToolsVersion = 10.1;
						TestTargetID = AF77E2E82235D47F00C7811A;
					};
				};
			};
			buildConfigurationList = AF77E2E42235D47F00C7811A /* Build configuration list for PBXProject "WeatherGift" */;
			compatibilityVersion = "Xcode 9.3";
			developmentRegion = en;
			hasScannedForEncodings = 0;
			knownRegions = (
				en,
				Base,
			);
			mainGroup = AF77E2E02235D47F00C7811A;
			productRefGroup = AF77E2EA2235D47F00C7811A /* Products */;
			projectDirPath = "";
			projectRoot = "";
			targets = (
				AF77E2E82235D47F00C7811A /* WeatherGift */,
				AF77E2FC2235D48100C7811A /* WeatherGiftTests */,
				AF77E3072235D48100C7811A /* WeatherGiftUITests */,
			);
		};
/* End PBXProject section */

/* Begin PBXResourcesBuildPhase section */
		AF77E2E72235D47F00C7811A /* Resources */ = {
			isa = PBXResourcesBuildPhase;
			buildActionMask = 2147483647;
			files = (
				AF77E2F72235D48100C7811A /* LaunchScreen.storyboard in Resources */,
				AF77E2F42235D48000C7811A /* Assets.xcassets in Resources */,
				AF77E2F22235D47F00C7811A /* Main.storyboard in Resources */,
			);
			runOnlyForDeploymentPostprocessing = 0;
		};
		AF77E2FB2235D48100C7811A /* Resources */ = {
			isa = PBXResourcesBuildPhase;
			buildActionMask = 2147483647;
			files = (
			);
			runOnlyForDeploymentPostprocessing = 0;
		};
		AF77E3062235D48100C7811A /* Resources */ = {
			isa = PBXResourcesBuildPhase;
			buildActionMask = 2147483647;
			files = (
			);
			runOnlyForDeploymentPostprocessing = 0;
		};
/* End PBXResourcesBuildPhase section */

/* Begin PBXSourcesBuildPhase section */
		AF77E2E52235D47F00C7811A /* Sources */ = {
			isa = PBXSourcesBuildPhase;
			buildActionMask = 2147483647;
			files = (
				AF77E2EF2235D47F00C7811A /* ViewController.swift in Sources */,
				AF77E2ED2235D47F00C7811A /* AppDelegate.swift in Sources */,
			);
			runOnlyForDeploymentPostprocessing = 0;
		};
		AF77E2F92235D48100C7811A /* Sources */ = {
			isa = PBXSourcesBuildPhase;
			buildActionMask = 2147483647;
			files = (
				AF77E3022235D48100C7811A /* WeatherGiftTests.swift in Sources */,
			);
			runOnlyForDeploymentPostprocessing = 0;
		};
		AF77E3042235D48100C7811A /* Sources */ = {
			isa = PBXSourcesBuildPhase;
			buildActionMask = 2147483647;
			files = (
				AF77E30D2235D48100C7811A /* WeatherGiftUITests.swift in Sources */,
			);
			runOnlyForDeploymentPostprocessing = 0;
		};
/* End PBXSourcesBuildPhase section */

/* Begin PBXTargetDependency section */
		AF77E2FF2235D48100C7811A /* PBXTargetDependency */ = {
			isa = PBXTargetDependency;
			target = AF77E2E82235D47F00C7811A /* WeatherGift */;
			targetProxy = AF77E2FE2235D48100C7811A /* PBXContainerItemProxy */;
		};
		AF77E30A2235D48100C7811A /* PBXTargetDependency */ = {
			isa = PBXTargetDependency;
			target = AF77E2E82235D47F00C7811A /* WeatherGift */;
			targetProxy = AF77E3092235D48100C7811A /* PBXContainerItemProxy */;
		};
/* End PBXTargetDependency section */

/* Begin PBXVariantGroup section */
		AF77E2F02235D47F00C7811A /* Main.storyboard */ = {
			isa = PBXVariantGroup;
			children = (
				AF77E2F12235D47F00C7811A /* Base */,
			);
			name = Main.storyboard;
			sourceTree = "<group>";
		};
		AF77E2F52235D48100C7811A /* LaunchScreen.storyboard */ = {
			isa = PBXVariantGroup;
			children = (
				AF77E2F62235D48100C7811A /* Base */,
			);
			name = LaunchScreen.storyboard;
			sourceTree = "<group>";
		};
/* End PBXVariantGroup section */

/* Begin XCBuildConfiguration section */
		AF77E30F2235D48100C7811A /* Debug */ = {
			isa = XCBuildConfiguration;
			buildSettings = {
				ALWAYS_SEARCH_USER_PATHS = NO;
				CLANG_ANALYZER_NONNULL = YES;
				CLANG_ANALYZER_NUMBER_OBJECT_CONVERSION = YES_AGGRESSIVE;
				CLANG_CXX_LANGUAGE_STANDARD = "gnu++14";
				CLANG_CXX_LIBRARY = "libc++";
				CLANG_ENABLE_MODULES = YES;
				CLANG_ENABLE_OBJC_ARC = YES;
				CLANG_ENABLE_OBJC_WEAK = YES;
				CLANG_WARN_BLOCK_CAPTURE_AUTORELEASING = YES;
				CLANG_WARN_BOOL_CONVERSION = YES;
				CLANG_WARN_COMMA = YES;
				CLANG_WARN_CONSTANT_CONVERSION = YES;
				CLANG_WARN_DEPRECATED_OBJC_IMPLEMENTATIONS = YES;
				CLANG_WARN_DIRECT_OBJC_ISA_USAGE = YES_ERROR;
				CLANG_WARN_DOCUMENTATION_COMMENTS = YES;
				CLANG_WARN_EMPTY_BODY = YES;
				CLANG_WARN_ENUM_CONVERSION = YES;
				CLANG_WARN_INFINITE_RECURSION = YES;
				CLANG_WARN_INT_CONVERSION = YES;
				CLANG_WARN_NON_LITERAL_NULL_CONVERSION = YES;
				CLANG_WARN_OBJC_IMPLICIT_RETAIN_SELF = YES;
				CLANG_WARN_OBJC_LITERAL_CONVERSION = YES;
				CLANG_WARN_OBJC_ROOT_CLASS = YES_ERROR;
				CLANG_WARN_RANGE_LOOP_ANALYSIS = YES;
				CLANG_WARN_STRICT_PROTOTYPES = YES;
				CLANG_WARN_SUSPICIOUS_MOVE = YES;
				CLANG_WARN_UNGUARDED_AVAILABILITY = YES_AGGRESSIVE;
				CLANG_WARN_UNREACHABLE_CODE = YES;
				CLANG_WARN__DUPLICATE_METHOD_MATCH = YES;
				CODE_SIGN_IDENTITY = "iPhone Developer";
				COPY_PHASE_STRIP = NO;
				DEBUG_INFORMATION_FORMAT = dwarf;
				ENABLE_STRICT_OBJC_MSGSEND = YES;
				ENABLE_TESTABILITY = YES;
				GCC_C_LANGUAGE_STANDARD = gnu11;
				GCC_DYNAMIC_NO_PIC = NO;
				GCC_NO_COMMON_BLOCKS = YES;
				GCC_OPTIMIZATION_LEVEL = 0;
				GCC_PREPROCESSOR_DEFINITIONS = (
					"DEBUG=1",
					"$(inherited)",
				);
				GCC_WARN_64_TO_32_BIT_CONVERSION = YES;
				GCC_WARN_ABOUT_RETURN_TYPE = YES_ERROR;
				GCC_WARN_UNDECLARED_SELECTOR = YES;
				GCC_WARN_UNINITIALIZED_AUTOS = YES_AGGRESSIVE;
				GCC_WARN_UNUSED_FUNCTION = YES;
				GCC_WARN_UNUSED_VARIABLE = YES;
				IPHONEOS_DEPLOYMENT_TARGET = 12.1;
				MTL_ENABLE_DEBUG_INFO = INCLUDE_SOURCE;
				MTL_FAST_MATH = YES;
				ONLY_ACTIVE_ARCH = YES;
				SDKROOT = iphoneos;
				SWIFT_ACTIVE_COMPILATION_CONDITIONS = DEBUG;
				SWIFT_OPTIMIZATION_LEVEL = "-Onone";
			};
			name = Debug;
		};
		AF77E3102235D48100C7811A /* Release */ = {
			isa = XCBuildConfiguration;
			buildSettings = {
				ALWAYS_SEARCH_USER_PATHS = NO;
				CLANG_ANALYZER_NONNULL = YES;
				CLANG_ANALYZER_NUMBER_OBJECT_CONVERSION = YES_AGGRESSIVE;
				CLANG_CXX_LANGUAGE_STANDARD = "gnu++14";
				CLANG_CXX_LIBRARY = "libc++";
				CLANG_ENABLE_MODULES = YES;
				CLANG_ENABLE_OBJC_ARC = YES;
				CLANG_ENABLE_OBJC_WEAK = YES;
				CLANG_WARN_BLOCK_CAPTURE_AUTORELEASING = YES;
				CLANG_WARN_BOOL_CONVERSION = YES;
				CLANG_WARN_COMMA = YES;
				CLANG_WARN_CONSTANT_CONVERSION = YES;
				CLANG_WARN_DEPRECATED_OBJC_IMPLEMENTATIONS = YES;
				CLANG_WARN_DIRECT_OBJC_ISA_USAGE = YES_ERROR;
				CLANG_WARN_DOCUMENTATION_COMMENTS = YES;
				CLANG_WARN_EMPTY_BODY = YES;
				CLANG_WARN_ENUM_CONVERSION = YES;
				CLANG_WARN_INFINITE_RECURSION = YES;
				CLANG_WARN_INT_CONVERSION = YES;
				CLANG_WARN_NON_LITERAL_NULL_CONVERSION = YES;
				CLANG_WARN_OBJC_IMPLICIT_RETAIN_SELF = YES;
				CLANG_WARN_OBJC_LITERAL_CONVERSION = YES;
				CLANG_WARN_OBJC_ROOT_CLASS = YES_ERROR;
				CLANG_WARN_RANGE_LOOP_ANALYSIS = YES;
				CLANG_WARN_STRICT_PROTOTYPES = YES;
				CLANG_WARN_SUSPICIOUS_MOVE = YES;
				CLANG_WARN_UNGUARDED_AVAILABILITY = YES_AGGRESSIVE;
				CLANG_WARN_UNREACHABLE_CODE = YES;
				CLANG_WARN__DUPLICATE_METHOD_MATCH = YES;
				CODE_SIGN_IDENTITY = "iPhone Developer";
				COPY_PHASE_STRIP = NO;
				DEBUG_INFORMATION_FORMAT = "dwarf-with-dsym";
				ENABLE_NS_ASSERTIONS = NO;
				ENABLE_STRICT_OBJC_MSGSEND = YES;
				GCC_C_LANGUAGE_STANDARD = gnu11;
				GCC_NO_COMMON_BLOCKS = YES;
				GCC_WARN_64_TO_32_BIT_CONVERSION = YES;
				GCC_WARN_ABOUT_RETURN_TYPE = YES_ERROR;
				GCC_WARN_UNDECLARED_SELECTOR = YES;
				GCC_WARN_UNINITIALIZED_AUTOS = YES_AGGRESSIVE;
				GCC_WARN_UNUSED_FUNCTION = YES;
				GCC_WARN_UNUSED_VARIABLE = YES;
				IPHONEOS_DEPLOYMENT_TARGET = 12.1;
				MTL_ENABLE_DEBUG_INFO = NO;
				MTL_FAST_MATH = YES;
				SDKROOT = iphoneos;
				SWIFT_COMPILATION_MODE = wholemodule;
				SWIFT_OPTIMIZATION_LEVEL = "-O";
				VALIDATE_PRODUCT = YES;
			};
			name = Release;
		};
		AF77E3122235D48100C7811A /* Debug */ = {
			isa = XCBuildConfiguration;
			buildSettings = {
				ASSETCATALOG_COMPILER_APPICON_NAME = AppIcon;
				CODE_SIGN_STYLE = Automatic;
				DEVELOPMENT_TEAM = FAW5Y96MB7;
				INFOPLIST_FILE = WeatherGift/Info.plist;
				LD_RUNPATH_SEARCH_PATHS = (
					"$(inherited)",
					"@executable_path/Frameworks",
				);
				PRODUCT_BUNDLE_IDENTIFIER = steele.WeatherGift;
				PRODUCT_NAME = "$(TARGET_NAME)";
				SWIFT_VERSION = 4.2;
				TARGETED_DEVICE_FAMILY = "1,2";
			};
			name = Debug;
		};
		AF77E3132235D48100C7811A /* Release */ = {
			isa = XCBuildConfiguration;
			buildSettings = {
				ASSETCATALOG_COMPILER_APPICON_NAME = AppIcon;
				CODE_SIGN_STYLE = Automatic;
				DEVELOPMENT_TEAM = FAW5Y96MB7;
				INFOPLIST_FILE = WeatherGift/Info.plist;
				LD_RUNPATH_SEARCH_PATHS = (
					"$(inherited)",
					"@executable_path/Frameworks",
				);
				PRODUCT_BUNDLE_IDENTIFIER = steele.WeatherGift;
				PRODUCT_NAME = "$(TARGET_NAME)";
				SWIFT_VERSION = 4.2;
				TARGETED_DEVICE_FAMILY = "1,2";
			};
			name = Release;
		};
		AF77E3152235D48100C7811A /* Debug */ = {
			isa = XCBuildConfiguration;
			buildSettings = {
				ALWAYS_EMBED_SWIFT_STANDARD_LIBRARIES = YES;
				BUNDLE_LOADER = "$(TEST_HOST)";
				CODE_SIGN_STYLE = Automatic;
				DEVELOPMENT_TEAM = FAW5Y96MB7;
				INFOPLIST_FILE = WeatherGiftTests/Info.plist;
				LD_RUNPATH_SEARCH_PATHS = (
					"$(inherited)",
					"@executable_path/Frameworks",
					"@loader_path/Frameworks",
				);
				PRODUCT_BUNDLE_IDENTIFIER = steele.WeatherGiftTests;
				PRODUCT_NAME = "$(TARGET_NAME)";
				SWIFT_VERSION = 4.2;
				TARGETED_DEVICE_FAMILY = "1,2";
				TEST_HOST = "$(BUILT_PRODUCTS_DIR)/WeatherGift.app/WeatherGift";
			};
			name = Debug;
		};
		AF77E3162235D48100C7811A /* Release */ = {
			isa = XCBuildConfiguration;
			buildSettings = {
				ALWAYS_EMBED_SWIFT_STANDARD_LIBRARIES = YES;
				BUNDLE_LOADER = "$(TEST_HOST)";
				CODE_SIGN_STYLE = Automatic;
				DEVELOPMENT_TEAM = FAW5Y96MB7;
				INFOPLIST_FILE = WeatherGiftTests/Info.plist;
				LD_RUNPATH_SEARCH_PATHS = (
					"$(inherited)",
					"@executable_path/Frameworks",
					"@loader_path/Frameworks",
				);
				PRODUCT_BUNDLE_IDENTIFIER = steele.WeatherGiftTests;
				PRODUCT_NAME = "$(TARGET_NAME)";
				SWIFT_VERSION = 4.2;
				TARGETED_DEVICE_FAMILY = "1,2";
				TEST_HOST = "$(BUILT_PRODUCTS_DIR)/WeatherGift.app/WeatherGift";
			};
			name = Release;
		};
		AF77E3182235D48100C7811A /* Debug */ = {
			isa = XCBuildConfiguration;
			buildSettings = {
				ALWAYS_EMBED_SWIFT_STANDARD_LIBRARIES = YES;
				CODE_SIGN_STYLE = Automatic;
				DEVELOPMENT_TEAM = FAW5Y96MB7;
				INFOPLIST_FILE = WeatherGiftUITests/Info.plist;
				LD_RUNPATH_SEARCH_PATHS = (
					"$(inherited)",
					"@executable_path/Frameworks",
					"@loader_path/Frameworks",
				);
				PRODUCT_BUNDLE_IDENTIFIER = steele.WeatherGiftUITests;
				PRODUCT_NAME = "$(TARGET_NAME)";
				SWIFT_VERSION = 4.2;
				TARGETED_DEVICE_FAMILY = "1,2";
				TEST_TARGET_NAME = WeatherGift;
			};
			name = Debug;
		};
		AF77E3192235D48100C7811A /* Release */ = {
			isa = XCBuildConfiguration;
			buildSettings = {
				ALWAYS_EMBED_SWIFT_STANDARD_LIBRARIES = YES;
				CODE_SIGN_STYLE = Automatic;
				DEVELOPMENT_TEAM = FAW5Y96MB7;
				INFOPLIST_FILE = WeatherGiftUITests/Info.plist;
				LD_RUNPATH_SEARCH_PATHS = (
					"$(inherited)",
					"@executable_path/Frameworks",
					"@loader_path/Frameworks",
				);
				PRODUCT_BUNDLE_IDENTIFIER = steele.WeatherGiftUITests;
				PRODUCT_NAME = "$(TARGET_NAME)";
				SWIFT_VERSION = 4.2;
				TARGETED_DEVICE_FAMILY = "1,2";
				TEST_TARGET_NAME = WeatherGift;
			};
			name = Release;
		};
/* End XCBuildConfiguration section */

/* Begin XCConfigurationList section */
		AF77E2E42235D47F00C7811A /* Build configuration list for PBXProject "WeatherGift" */ = {
			isa = XCConfigurationList;
			buildConfigurations = (
				AF77E30F2235D48100C7811A /* Debug */,
				AF77E3102235D48100C7811A /* Release */,
			);
			defaultConfigurationIsVisible = 0;
			defaultConfigurationName = Release;
		};
		AF77E3112235D48100C7811A /* Build configuration list for PBXNativeTarget "WeatherGift" */ = {
			isa = XCConfigurationList;
			buildConfigurations = (
				AF77E3122235D48100C7811A /* Debug */,
				AF77E3132235D48100C7811A /* Release */,
			);
			defaultConfigurationIsVisible = 0;
			defaultConfigurationName = Release;
		};
		AF77E3142235D48100C7811A /* Build configuration list for PBXNativeTarget "WeatherGiftTests" */ = {
			isa = XCConfigurationList;
			buildConfigurations = (
				AF77E3152235D48100C7811A /* Debug */,
				AF77E3162235D48100C7811A /* Release */,
			);
			defaultConfigurationIsVisible = 0;
			defaultConfigurationName = Release;
		};
		AF77E3172235D48100C7811A /* Build configuration list for PBXNativeTarget "WeatherGiftUITests" */ = {
			isa = XCConfigurationList;
			buildConfigurations = (
				AF77E3182235D48100C7811A /* Debug */,
				AF77E3192235D48100C7811A /* Release */,
			);
			defaultConfigurationIsVisible = 0;
			defaultConfigurationName = Release;
		};
/* End XCConfigurationList section */
	};
	rootObject = AF77E2E12235D47F00C7811A /* Project object */;
}
